
Microsoft Visual Studio Solution File, Format Version 12.00
# Visual Studio Version 17
VisualStudioVersion = 17.9.34902.65
MinimumVisualStudioVersion = 10.0.40219.1
Project("{2150E333-8FDC-42A3-9474-1A3956D46DE8}") = "src", "src", "{E42ACA66-CDA4-4A10-AF2B-0FDD81E7EF26}"
EndProject
Project("{9A19103F-16F7-4668-BE54-9A1E7A4F7556}") = "QuickXL.Importer", "src\QuickXL.Importer\QuickXL.Importer.csproj", "{02B62976-38CD-48B0-824C-1CD78EED6BD4}"
EndProject
Project("{2150E333-8FDC-42A3-9474-1A3956D46DE8}") = "tests", "tests", "{47EC284B-61A8-4D30-A199-329B2644EA0E}"
EndProject
Project("{9A19103F-16F7-4668-BE54-9A1E7A4F7556}") = "QuickXL.Core.Tests", "tests\QuickXL.Core.Tests\QuickXL.Core.Tests.csproj", "{6309A4E8-BC94-4C7E-B5B0-01F754CAB3C4}"
EndProject
Project("{9A19103F-16F7-4668-BE54-9A1E7A4F7556}") = "QuickXL.Importer.Tests", "tests\QuickXL.Importer.Tests\QuickXL.Importer.Tests.csproj", "{95B34AFD-BC4F-4BF7-83FE-A75D83C9E03D}"
EndProject
Project("{9A19103F-16F7-4668-BE54-9A1E7A4F7556}") = "QuickXL.Core", "src\QuickXL.Core\QuickXL.Core.csproj", "{89DC6EDC-AFFF-4A64-9211-DCBD8478779C}"
EndProject
Project("{9A19103F-16F7-4668-BE54-9A1E7A4F7556}") = "QuickXL.Exporter.Tests", "tests\QuickXL.Exporter.Tests\QuickXL.Exporter.Tests.csproj", "{42DB1B8C-B6FB-4142-B417-17EBFE0120ED}"
EndProject
Project("{2150E333-8FDC-42A3-9474-1A3956D46DE8}") = "samples", "samples", "{02EA681E-C7D8-13C7-8484-4AC65E1B71E8}"
EndProject
Project("{FAE04EC0-301F-11D3-BF4B-00C04F79EFBC}") = "QuickXL.AspNetCoreMvcSample", "samples\QuickXL.AspNetCoreMvcSample\QuickXL.AspNetCoreMvcSample.csproj", "{64D7421B-2BDC-421B-AE47-222037AD34A1}"
EndProject
Global
	GlobalSection(SolutionConfigurationPlatforms) = preSolution
		Debug|Any CPU = Debug|Any CPU
		Release|Any CPU = Release|Any CPU
	EndGlobalSection
	GlobalSection(ProjectConfigurationPlatforms) = postSolution
		{02B62976-38CD-48B0-824C-1CD78EED6BD4}.Debug|Any CPU.ActiveCfg = Debug|Any CPU
		{02B62976-38CD-48B0-824C-1CD78EED6BD4}.Debug|Any CPU.Build.0 = Debug|Any CPU
		{02B62976-38CD-48B0-824C-1CD78EED6BD4}.Release|Any CPU.ActiveCfg = Release|Any CPU
		{02B62976-38CD-48B0-824C-1CD78EED6BD4}.Release|Any CPU.Build.0 = Release|Any CPU
		{6309A4E8-BC94-4C7E-B5B0-01F754CAB3C4}.Debug|Any CPU.ActiveCfg = Debug|Any CPU
		{6309A4E8-BC94-4C7E-B5B0-01F754CAB3C4}.Debug|Any CPU.Build.0 = Debug|Any CPU
		{6309A4E8-BC94-4C7E-B5B0-01F754CAB3C4}.Release|Any CPU.ActiveCfg = Release|Any CPU
		{6309A4E8-BC94-4C7E-B5B0-01F754CAB3C4}.Release|Any CPU.Build.0 = Release|Any CPU
		{95B34AFD-BC4F-4BF7-83FE-A75D83C9E03D}.Debug|Any CPU.ActiveCfg = Debug|Any CPU
		{95B34AFD-BC4F-4BF7-83FE-A75D83C9E03D}.Debug|Any CPU.Build.0 = Debug|Any CPU
		{95B34AFD-BC4F-4BF7-83FE-A75D83C9E03D}.Release|Any CPU.ActiveCfg = Release|Any CPU
		{95B34AFD-BC4F-4BF7-83FE-A75D83C9E03D}.Release|Any CPU.Build.0 = Release|Any CPU
		{89DC6EDC-AFFF-4A64-9211-DCBD8478779C}.Debug|Any CPU.ActiveCfg = Debug|Any CPU
		{89DC6EDC-AFFF-4A64-9211-DCBD8478779C}.Debug|Any CPU.Build.0 = Debug|Any CPU
		{89DC6EDC-AFFF-4A64-9211-DCBD8478779C}.Release|Any CPU.ActiveCfg = Release|Any CPU
		{89DC6EDC-AFFF-4A64-9211-DCBD8478779C}.Release|Any CPU.Build.0 = Release|Any CPU
		{42DB1B8C-B6FB-4142-B417-17EBFE0120ED}.Debug|Any CPU.ActiveCfg = Debug|Any CPU
		{42DB1B8C-B6FB-4142-B417-17EBFE0120ED}.Debug|Any CPU.Build.0 = Debug|Any CPU
		{42DB1B8C-B6FB-4142-B417-17EBFE0120ED}.Release|Any CPU.ActiveCfg = Release|Any CPU
		{42DB1B8C-B6FB-4142-B417-17EBFE0120ED}.Release|Any CPU.Build.0 = Release|Any CPU
		{64D7421B-2BDC-421B-AE47-222037AD34A1}.Debug|Any CPU.ActiveCfg = Debug|Any CPU
		{64D7421B-2BDC-421B-AE47-222037AD34A1}.Debug|Any CPU.Build.0 = Debug|Any CPU
		{64D7421B-2BDC-421B-AE47-222037AD34A1}.Release|Any CPU.ActiveCfg = Release|Any CPU
		{64D7421B-2BDC-421B-AE47-222037AD34A1}.Release|Any CPU.Build.0 = Release|Any CPU
	EndGlobalSection
	GlobalSection(SolutionProperties) = preSolution
		HideSolutionNode = FALSE
	EndGlobalSection
	GlobalSection(NestedProjects) = preSolution
		{02B62976-38CD-48B0-824C-1CD78EED6BD4} = {E42ACA66-CDA4-4A10-AF2B-0FDD81E7EF26}
		{6309A4E8-BC94-4C7E-B5B0-01F754CAB3C4} = {47EC284B-61A8-4D30-A199-329B2644EA0E}
		{95B34AFD-BC4F-4BF7-83FE-A75D83C9E03D} = {47EC284B-61A8-4D30-A199-329B2644EA0E}
		{89DC6EDC-AFFF-4A64-9211-DCBD8478779C} = {E42ACA66-CDA4-4A10-AF2B-0FDD81E7EF26}
		{42DB1B8C-B6FB-4142-B417-17EBFE0120ED} = {47EC284B-61A8-4D30-A199-329B2644EA0E}
		{64D7421B-2BDC-421B-AE47-222037AD34A1} = {02EA681E-C7D8-13C7-8484-4AC65E1B71E8}
	EndGlobalSection
	GlobalSection(ExtensibilityGlobals) = postSolution
		SolutionGuid = {079FEC4B-5CE3-445B-A6B8-53FB0F735E3C}
	EndGlobalSection
EndGlobal
